<?xml version="1.0" encoding="utf-8"?>
<Project ToolsVersion="4.0" xmlns="http://schemas.microsoft.com/developer/msbuild/2003">
  <ItemGroup>
    <ClCompile Include="example.cpp" />
    <ClCompile Include="..\..\external\embree\embree\embree.cpp">
      <Filter>embree</Filter>
    </ClCompile>
    <ClCompile Include="..\..\external\embree\embree\common\registry_builder.cpp">
      <Filter>embree</Filter>
    </ClCompile>
    <ClCompile Include="..\..\external\embree\embree\common\registry_intersector.cpp">
      <Filter>embree</Filter>
    </ClCompile>
    <ClCompile Include="..\..\external\embree\embree\common\stat.cpp">
      <Filter>embree</Filter>
    </ClCompile>
    <ClCompile Include="..\..\external\embree\embree\common\accel.cpp">
      <Filter>embree</Filter>
    </ClCompile>
    <ClCompile Include="..\..\external\embree\embree\common\alloc.cpp">
      <Filter>embree</Filter>
    </ClCompile>
    <ClCompile Include="..\..\external\embree\embree\common\registry_accel.cpp">
      <Filter>embree</Filter>
    </ClCompile>
    <ClCompile Include="..\..\external\embree\embree\geometry\virtual_scene.cpp">
      <Filter>embree</Filter>
    </ClCompile>
    <ClCompile Include="..\..\external\embree\embree\geometry\triangle_mesh.cpp">
      <Filter>embree</Filter>
    </ClCompile>
    <ClCompile Include="..\..\external\embree\embree\bvh2\bvh2.cpp">
      <Filter>embree</Filter>
    </ClCompile>
    <ClCompile Include="..\..\external\embree\embree\bvh2\bvh2_intersector8.cpp">
      <Filter>embree</Filter>
    </ClCompile>
    <ClCompile Include="..\..\external\embree\embree\bvh2\bvh2_intersector1.cpp">
      <Filter>embree</Filter>
    </ClCompile>
    <ClCompile Include="..\..\external\embree\embree\bvh2\bvh2_intersector4.cpp">
      <Filter>embree</Filter>
    </ClCompile>
    <ClCompile Include="..\..\external\embree\embree\sys\platform.cpp">
      <Filter>embree</Filter>
    </ClCompile>
    <ClCompile Include="..\..\external\embree\embree\sys\sysinfo.cpp">
      <Filter>embree</Filter>
    </ClCompile>
    <ClCompile Include="..\..\external\embree\embree\sys\taskscheduler.cpp">
      <Filter>embree</Filter>
    </ClCompile>
    <ClCompile Include="..\..\external\embree\embree\sys\taskscheduler_mic.cpp">
      <Filter>embree</Filter>
    </ClCompile>
    <ClCompile Include="..\..\external\embree\embree\sys\taskscheduler_sys.cpp">
      <Filter>embree</Filter>
    </ClCompile>
    <ClCompile Include="..\..\external\embree\embree\sys\thread.cpp">
      <Filter>embree</Filter>
    </ClCompile>
    <ClCompile Include="..\..\external\embree\embree\sys\filename.cpp">
      <Filter>embree</Filter>
    </ClCompile>
    <ClCompile Include="..\..\external\embree\embree\sys\library.cpp">
      <Filter>embree</Filter>
    </ClCompile>
    <ClCompile Include="..\..\external\embree\embree\sys\network.cpp">
      <Filter>embree</Filter>
    </ClCompile>
    <ClCompile Include="..\..\external\embree\embree\sys\stl\string.cpp">
      <Filter>embree</Filter>
    </ClCompile>
    <ClCompile Include="..\..\external\embree\embree\sys\sync\mutex.cpp">
      <Filter>embree</Filter>
    </ClCompile>
    <ClCompile Include="..\..\external\embree\embree\sys\sync\condition.cpp">
      <Filter>embree</Filter>
    </ClCompile>
    <ClCompile Include="..\..\external\embree\embree\builders\splitter.cpp">
      <Filter>embree</Filter>
    </ClCompile>
    <ClCompile Include="..\..\external\embree\embree\builders\splitter_fallback.cpp">
      <Filter>embree</Filter>
    </ClCompile>
    <ClCompile Include="..\..\external\embree\embree\builders\splitter_parallel.cpp">
      <Filter>embree</Filter>
    </ClCompile>
    <ClCompile Include="..\..\external\embree\embree\builders\heuristic_binning.cpp">
      <Filter>embree</Filter>
    </ClCompile>
    <ClCompile Include="..\..\external\embree\embree\builders\heuristic_spatial.cpp">
      <Filter>embree</Filter>
    </ClCompile>
    <ClCompile Include="..\..\external\embree\embree\builders\primrefgen.cpp">
      <Filter>embree</Filter>
    </ClCompile>
    <ClCompile Include="..\..\external\embree\embree\bvh4\bvh4_intersector4_single.cpp">
      <Filter>embree</Filter>
    </ClCompile>
    <ClCompile Include="..\..\external\embree\embree\bvh4\bvh4_intersector8_chunk.cpp">
      <Filter>embree</Filter>
    </ClCompile>
    <ClCompile Include="..\..\external\embree\embree\bvh4\bvh4_intersector8_hybrid.cpp">
      <Filter>embree</Filter>
    </ClCompile>
    <ClCompile Include="..\..\external\embree\embree\bvh4\bvh4_intersector8_single.cpp">
      <Filter>embree</Filter>
    </ClCompile>
    <ClCompile Include="..\..\external\embree\embree\bvh4\bvh4.cpp">
      <Filter>embree</Filter>
    </ClCompile>
    <ClCompile Include="..\..\external\embree\embree\bvh4\bvh4_intersector1.cpp">
      <Filter>embree</Filter>
    </ClCompile>
    <ClCompile Include="..\..\external\embree\embree\bvh4\bvh4_intersector1_avx.cpp">
      <Filter>embree</Filter>
    </ClCompile>
    <ClCompile Include="..\..\external\embree\embree\bvh4\bvh4_intersector4_chunk.cpp">
      <Filter>embree</Filter>
    </ClCompile>
    <ClCompile Include="..\..\external\embree\embree\bvh4\bvh4_intersector4_hybrid.cpp">
      <Filter>embree</Filter>
    </ClCompile>
    <ClCompile Include="..\..\external\embree\embree\bvh4mb\bvh4mb_builder.cpp">
      <Filter>embree</Filter>
    </ClCompile>
    <ClCompile Include="..\..\external\embree\embree\bvh4mb\bvh4mb_intersector1.cpp">
      <Filter>embree</Filter>
    </ClCompile>
    <ClCompile Include="..\..\external\embree\embree\bvh4mb\bvh4mb_intersector4.cpp">
      <Filter>embree</Filter>
    </ClCompile>
    <ClCompile Include="..\..\external\embree\embree\bvh4mb\bvh4mb_intersector8.cpp">
      <Filter>embree</Filter>
    </ClCompile>
    <ClCompile Include="..\..\external\embree\embree\bvh4mb\bvh4mb.cpp">
      <Filter>embree</Filter>
    </ClCompile>
    <ClCompile Include="..\..\external\embree\embree\bvh4i\bvh4i.cpp">
      <Filter>embree</Filter>
    </ClCompile>
    <ClCompile Include="..\..\external\embree\embree\bvh4i\bvh4i_intersector1.cpp">
      <Filter>embree</Filter>
    </ClCompile>
  </ItemGroup>
  <ItemGroup>
    <Filter Include="igl">
      <UniqueIdentifier>{53eff656-6473-409c-9ad5-cac1983d91e1}</UniqueIdentifier>
    </Filter>
    <Filter Include="embree">
      <UniqueIdentifier>{05d04fa9-d1bf-484f-b199-dea6e4746db7}</UniqueIdentifier>
    </Filter>
  </ItemGroup>
  <ItemGroup>
    <ClInclude Include="..\..\include\igl\embree\orient_outward_ao.h" />
  </ItemGroup>
</Project>